Microsoft Visual Studio Solution File, Format Version 12.00
# Visual Studio Version 17
VisualStudioVersion = 17.5.2.0
MinimumVisualStudioVersion = 10.0.40219.1
Project("{FAE04EC0-301F-11D3-BF4B-00C04F79EFBC}") = "GameModel", "GameModel.csproj", "{C34576FC-2EAF-0924-7EB1-4FEF874451FB}"
EndProject
Global
	GlobalSection(SolutionConfigurationPlatforms) = preSolution
		Debug|Any CPU = Debug|Any CPU
		Release|Any CPU = Release|Any CPU
	EndGlobalSection
	GlobalSection(ProjectConfigurationPlatforms) = postSolution
		{C34576FC-2EAF-0924-7EB1-4FEF874451FB}.Debug|Any CPU.ActiveCfg = Debug|Any CPU
		{C34576FC-2EAF-0924-7EB1-4FEF874451FB}.Debug|Any CPU.Build.0 = Debug|Any CPU
		{C34576FC-2EAF-0924-7EB1-4FEF874451FB}.Release|Any CPU.ActiveCfg = Release|Any CPU
		{C34576FC-2EAF-0924-7EB1-4FEF874451FB}.Release|Any CPU.Build.0 = Release|Any CPU
	EndGlobalSection
	GlobalSection(SolutionProperties) = preSolution
		HideSolutionNode = FALSE
	EndGlobalSection
	GlobalSection(ExtensibilityGlobals) = postSolution
		SolutionGuid = {210774D6-FFC5-450E-8BCC-B97E91AFB4EE}
	EndGlobalSection
EndGlobal
